
Microsoft Visual Studio Solution File, Format Version 12.00
# Visual Studio 15
VisualStudioVersion = 15.0.26124.0
MinimumVisualStudioVersion = 15.0.26124.0
Project("{9A19103F-16F7-4668-BE54-9A1E7A4F7556}") = "ExpensePrediction.DataAccessLayer", "ExpensePrediction.DataAccessLayer\ExpensePrediction.DataAccessLayer.csproj", "{6F82A2A4-9CAF-4EE0-A43D-26D5B83A4CEC}"
EndProject
Project("{9A19103F-16F7-4668-BE54-9A1E7A4F7556}") = "ExpensePrediction.DataTransferObjects", "ExpensePrediction.DataTransferObjects\ExpensePrediction.DataTransferObjects.csproj", "{574D96B0-5AEB-43AA-B469-A28ABF1D21E5}"
EndProject
Project("{9A19103F-16F7-4668-BE54-9A1E7A4F7556}") = "ExpensePrediction.WebAPI", "ExpensePrediction.WebAPI\ExpensePrediction.WebAPI.csproj", "{AF774AAC-8CF0-425E-81E3-C3FEE1C2C3DE}"
EndProject
Project("{FAE04EC0-301F-11D3-BF4B-00C04F79EFBC}") = "ExpensePrediction.Shared", "ExpensePrediction.Shared\ExpensePrediction.Shared.csproj", "{A6146CC6-DF0A-4991-ACAD-5CE3CFE44F3B}"
EndProject
Global
	GlobalSection(SolutionConfigurationPlatforms) = preSolution
		Debug|Any CPU = Debug|Any CPU
		Debug|x64 = Debug|x64
		Debug|x86 = Debug|x86
		Release|Any CPU = Release|Any CPU
		Release|x64 = Release|x64
		Release|x86 = Release|x86
	EndGlobalSection
	GlobalSection(ProjectConfigurationPlatforms) = postSolution
		{6F82A2A4-9CAF-4EE0-A43D-26D5B83A4CEC}.Debug|Any CPU.ActiveCfg = Debug|Any CPU
		{6F82A2A4-9CAF-4EE0-A43D-26D5B83A4CEC}.Debug|Any CPU.Build.0 = Debug|Any CPU
		{6F82A2A4-9CAF-4EE0-A43D-26D5B83A4CEC}.Debug|x64.ActiveCfg = Debug|Any CPU
		{6F82A2A4-9CAF-4EE0-A43D-26D5B83A4CEC}.Debug|x64.Build.0 = Debug|Any CPU
		{6F82A2A4-9CAF-4EE0-A43D-26D5B83A4CEC}.Debug|x86.ActiveCfg = Debug|Any CPU
		{6F82A2A4-9CAF-4EE0-A43D-26D5B83A4CEC}.Debug|x86.Build.0 = Debug|Any CPU
		{6F82A2A4-9CAF-4EE0-A43D-26D5B83A4CEC}.Release|Any CPU.ActiveCfg = Release|Any CPU
		{6F82A2A4-9CAF-4EE0-A43D-26D5B83A4CEC}.Release|Any CPU.Build.0 = Release|Any CPU
		{6F82A2A4-9CAF-4EE0-A43D-26D5B83A4CEC}.Release|x64.ActiveCfg = Release|Any CPU
		{6F82A2A4-9CAF-4EE0-A43D-26D5B83A4CEC}.Release|x64.Build.0 = Release|Any CPU
		{6F82A2A4-9CAF-4EE0-A43D-26D5B83A4CEC}.Release|x86.ActiveCfg = Release|Any CPU
		{6F82A2A4-9CAF-4EE0-A43D-26D5B83A4CEC}.Release|x86.Build.0 = Release|Any CPU
		{574D96B0-5AEB-43AA-B469-A28ABF1D21E5}.Debug|Any CPU.ActiveCfg = Debug|Any CPU
		{574D96B0-5AEB-43AA-B469-A28ABF1D21E5}.Debug|Any CPU.Build.0 = Debug|Any CPU
		{574D96B0-5AEB-43AA-B469-A28ABF1D21E5}.Debug|x64.ActiveCfg = Debug|Any CPU
		{574D96B0-5AEB-43AA-B469-A28ABF1D21E5}.Debug|x64.Build.0 = Debug|Any CPU
		{574D96B0-5AEB-43AA-B469-A28ABF1D21E5}.Debug|x86.ActiveCfg = Debug|Any CPU
		{574D96B0-5AEB-43AA-B469-A28ABF1D21E5}.Debug|x86.Build.0 = Debug|Any CPU
		{574D96B0-5AEB-43AA-B469-A28ABF1D21E5}.Release|Any CPU.ActiveCfg = Release|Any CPU
		{574D96B0-5AEB-43AA-B469-A28ABF1D21E5}.Release|Any CPU.Build.0 = Release|Any CPU
		{574D96B0-5AEB-43AA-B469-A28ABF1D21E5}.Release|x64.ActiveCfg = Release|Any CPU
		{574D96B0-5AEB-43AA-B469-A28ABF1D21E5}.Release|x64.Build.0 = Release|Any CPU
		{574D96B0-5AEB-43AA-B469-A28ABF1D21E5}.Release|x86.ActiveCfg = Release|Any CPU
		{574D96B0-5AEB-43AA-B469-A28ABF1D21E5}.Release|x86.Build.0 = Release|Any CPU
		{AF774AAC-8CF0-425E-81E3-C3FEE1C2C3DE}.Debug|Any CPU.ActiveCfg = Debug|Any CPU
		{AF774AAC-8CF0-425E-81E3-C3FEE1C2C3DE}.Debug|Any CPU.Build.0 = Debug|Any CPU
		{AF774AAC-8CF0-425E-81E3-C3FEE1C2C3DE}.Debug|x64.ActiveCfg = Debug|Any CPU
		{AF774AAC-8CF0-425E-81E3-C3FEE1C2C3DE}.Debug|x64.Build.0 = Debug|Any CPU
		{AF774AAC-8CF0-425E-81E3-C3FEE1C2C3DE}.Debug|x86.ActiveCfg = Debug|Any CPU
		{AF774AAC-8CF0-425E-81E3-C3FEE1C2C3DE}.Debug|x86.Build.0 = Debug|Any CPU
		{AF774AAC-8CF0-425E-81E3-C3FEE1C2C3DE}.Release|Any CPU.ActiveCfg = Release|Any CPU
		{AF774AAC-8CF0-425E-81E3-C3FEE1C2C3DE}.Release|Any CPU.Build.0 = Release|Any CPU
		{AF774AAC-8CF0-425E-81E3-C3FEE1C2C3DE}.Release|x64.ActiveCfg = Release|Any CPU
		{AF774AAC-8CF0-425E-81E3-C3FEE1C2C3DE}.Release|x64.Build.0 = Release|Any CPU
		{AF774AAC-8CF0-425E-81E3-C3FEE1C2C3DE}.Release|x86.ActiveCfg = Release|Any CPU
		{AF774AAC-8CF0-425E-81E3-C3FEE1C2C3DE}.Release|x86.Build.0 = Release|Any CPU
		{A6146CC6-DF0A-4991-ACAD-5CE3CFE44F3B}.Debug|Any CPU.ActiveCfg = Debug|Any CPU
		{A6146CC6-DF0A-4991-ACAD-5CE3CFE44F3B}.Debug|Any CPU.Build.0 = Debug|Any CPU
		{A6146CC6-DF0A-4991-ACAD-5CE3CFE44F3B}.Debug|x64.ActiveCfg = Debug|Any CPU
		{A6146CC6-DF0A-4991-ACAD-5CE3CFE44F3B}.Debug|x64.Build.0 = Debug|Any CPU
		{A6146CC6-DF0A-4991-ACAD-5CE3CFE44F3B}.Debug|x86.ActiveCfg = Debug|Any CPU
		{A6146CC6-DF0A-4991-ACAD-5CE3CFE44F3B}.Debug|x86.Build.0 = Debug|Any CPU
		{A6146CC6-DF0A-4991-ACAD-5CE3CFE44F3B}.Release|Any CPU.ActiveCfg = Release|Any CPU
		{A6146CC6-DF0A-4991-ACAD-5CE3CFE44F3B}.Release|Any CPU.Build.0 = Release|Any CPU
		{A6146CC6-DF0A-4991-ACAD-5CE3CFE44F3B}.Release|x64.ActiveCfg = Release|Any CPU
		{A6146CC6-DF0A-4991-ACAD-5CE3CFE44F3B}.Release|x64.Build.0 = Release|Any CPU
		{A6146CC6-DF0A-4991-ACAD-5CE3CFE44F3B}.Release|x86.ActiveCfg = Release|Any CPU
		{A6146CC6-DF0A-4991-ACAD-5CE3CFE44F3B}.Release|x86.Build.0 = Release|Any CPU
	EndGlobalSection
	GlobalSection(SolutionProperties) = preSolution
		HideSolutionNode = FALSE
	EndGlobalSection
	GlobalSection(ExtensibilityGlobals) = postSolution
		SolutionGuid = {C31DFA0C-042E-414C-A768-5B22DBC55FB6}
	EndGlobalSection
EndGlobal
