
Microsoft Visual Studio Solution File, Format Version 12.00
# Visual Studio 15
VisualStudioVersion = 15.0.26124.0
MinimumVisualStudioVersion = 15.0.26124.0
Project("{9A19103F-16F7-4668-BE54-9A1E7A4F7556}") = "ExpensePrediction.DataAccessLayer", "ExpensePrediction.DataAccessLayer\ExpensePrediction.DataAccessLayer.csproj", "{6F82A2A4-9CAF-4EE0-A43D-26D5B83A4CEC}"
EndProject
Project("{9A19103F-16F7-4668-BE54-9A1E7A4F7556}") = "ExpensePrediction.DataTransferObjects", "ExpensePrediction.DataTransferObjects\ExpensePrediction.DataTransferObjects.csproj", "{574D96B0-5AEB-43AA-B469-A28ABF1D21E5}"
EndProject
Project("{9A19103F-16F7-4668-BE54-9A1E7A4F7556}") = "ExpensePrediction.WebAPI", "ExpensePrediction.WebAPI\ExpensePrediction.WebAPI.csproj", "{AF774AAC-8CF0-425E-81E3-C3FEE1C2C3DE}"
EndProject
Project("{9A19103F-16F7-4668-BE54-9A1E7A4F7556}") = "ExpensePrediction.BusinessLogicLayer", "ExpensePrediction.BusinessLogicLayer\ExpensePrediction.BusinessLogicLayer.csproj", "{0165F768-D81E-4025-8F36-7F9B45A14797}"
EndProject
Project("{9A19103F-16F7-4668-BE54-9A1E7A4F7556}") = "ExpensePrediction.DataAccessLayer.Interfaces", "ExpensePrediction.DataAccessLayer.Interfaces\ExpensePrediction.DataAccessLayer.Interfaces.csproj", "{3998A210-0E4A-4989-B7CD-03167C691D91}"
EndProject
Project("{9A19103F-16F7-4668-BE54-9A1E7A4F7556}") = "ExpensePrediction.BusinessLogicLayer.Interfaces", "ExpensePrediction.BusinessLogicLayer.Interfaces\ExpensePrediction.BusinessLogicLayer.Interfaces.csproj", "{FE3F343F-BD5F-49AB-A5C3-F55F44DA16A4}"
EndProject
Project("{9A19103F-16F7-4668-BE54-9A1E7A4F7556}") = "ExpensePrediction.DataAccessLayer.Entities", "ExpensePrediction.DataAccessLayer.Entities\ExpensePrediction.DataAccessLayer.Entities.csproj", "{92EA9F10-FF6B-43E3-9A2C-385B5D4DA8D7}"
EndProject
Project("{FAE04EC0-301F-11D3-BF4B-00C04F79EFBC}") = "ExpensePrediction.Frontend.Android", "ExpensePrediction.Frontend\ExpensePrediction.Frontend.Android\ExpensePrediction.Frontend.Android.csproj", "{16260663-B511-442E-8B74-931619A8A107}"
EndProject
Project("{9A19103F-16F7-4668-BE54-9A1E7A4F7556}") = "ExpensePrediction.Frontend", "ExpensePrediction.Frontend\ExpensePrediction.Frontend\ExpensePrediction.Frontend.csproj", "{4CE02A62-D897-447F-AF48-028D59FA1D73}"
EndProject
Project("{9A19103F-16F7-4668-BE54-9A1E7A4F7556}") = "ExpensePrediction.Exceptions", "ExpensePrediction.Exceptions\ExpensePrediction.Exceptions.csproj", "{43A47BFF-5289-49F6-85A3-7022699F6296}"
EndProject
Global
	GlobalSection(SolutionConfigurationPlatforms) = preSolution
		BackendRelease|Any CPU = BackendRelease|Any CPU
		BackendRelease|x64 = BackendRelease|x64
		BackendRelease|x86 = BackendRelease|x86
		Debug|Any CPU = Debug|Any CPU
		Debug|x64 = Debug|x64
		Debug|x86 = Debug|x86
		Release|Any CPU = Release|Any CPU
		Release|x64 = Release|x64
		Release|x86 = Release|x86
	EndGlobalSection
	GlobalSection(ProjectConfigurationPlatforms) = postSolution
		{6F82A2A4-9CAF-4EE0-A43D-26D5B83A4CEC}.BackendRelease|Any CPU.ActiveCfg = BackendRelease|Any CPU
		{6F82A2A4-9CAF-4EE0-A43D-26D5B83A4CEC}.BackendRelease|Any CPU.Build.0 = BackendRelease|Any CPU
		{6F82A2A4-9CAF-4EE0-A43D-26D5B83A4CEC}.BackendRelease|x64.ActiveCfg = BackendRelease|Any CPU
		{6F82A2A4-9CAF-4EE0-A43D-26D5B83A4CEC}.BackendRelease|x64.Build.0 = BackendRelease|Any CPU
		{6F82A2A4-9CAF-4EE0-A43D-26D5B83A4CEC}.BackendRelease|x86.ActiveCfg = BackendRelease|Any CPU
		{6F82A2A4-9CAF-4EE0-A43D-26D5B83A4CEC}.BackendRelease|x86.Build.0 = BackendRelease|Any CPU
		{6F82A2A4-9CAF-4EE0-A43D-26D5B83A4CEC}.Debug|Any CPU.ActiveCfg = Debug|Any CPU
		{6F82A2A4-9CAF-4EE0-A43D-26D5B83A4CEC}.Debug|Any CPU.Build.0 = Debug|Any CPU
		{6F82A2A4-9CAF-4EE0-A43D-26D5B83A4CEC}.Debug|x64.ActiveCfg = Debug|Any CPU
		{6F82A2A4-9CAF-4EE0-A43D-26D5B83A4CEC}.Debug|x64.Build.0 = Debug|Any CPU
		{6F82A2A4-9CAF-4EE0-A43D-26D5B83A4CEC}.Debug|x86.ActiveCfg = Debug|Any CPU
		{6F82A2A4-9CAF-4EE0-A43D-26D5B83A4CEC}.Debug|x86.Build.0 = Debug|Any CPU
		{6F82A2A4-9CAF-4EE0-A43D-26D5B83A4CEC}.Release|Any CPU.ActiveCfg = Release|Any CPU
		{6F82A2A4-9CAF-4EE0-A43D-26D5B83A4CEC}.Release|Any CPU.Build.0 = Release|Any CPU
		{6F82A2A4-9CAF-4EE0-A43D-26D5B83A4CEC}.Release|x64.ActiveCfg = Release|Any CPU
		{6F82A2A4-9CAF-4EE0-A43D-26D5B83A4CEC}.Release|x64.Build.0 = Release|Any CPU
		{6F82A2A4-9CAF-4EE0-A43D-26D5B83A4CEC}.Release|x86.ActiveCfg = Release|Any CPU
		{6F82A2A4-9CAF-4EE0-A43D-26D5B83A4CEC}.Release|x86.Build.0 = Release|Any CPU
		{574D96B0-5AEB-43AA-B469-A28ABF1D21E5}.BackendRelease|Any CPU.ActiveCfg = BackendRelease|Any CPU
		{574D96B0-5AEB-43AA-B469-A28ABF1D21E5}.BackendRelease|Any CPU.Build.0 = BackendRelease|Any CPU
		{574D96B0-5AEB-43AA-B469-A28ABF1D21E5}.BackendRelease|x64.ActiveCfg = BackendRelease|Any CPU
		{574D96B0-5AEB-43AA-B469-A28ABF1D21E5}.BackendRelease|x64.Build.0 = BackendRelease|Any CPU
		{574D96B0-5AEB-43AA-B469-A28ABF1D21E5}.BackendRelease|x86.ActiveCfg = BackendRelease|Any CPU
		{574D96B0-5AEB-43AA-B469-A28ABF1D21E5}.BackendRelease|x86.Build.0 = BackendRelease|Any CPU
		{574D96B0-5AEB-43AA-B469-A28ABF1D21E5}.Debug|Any CPU.ActiveCfg = Debug|Any CPU
		{574D96B0-5AEB-43AA-B469-A28ABF1D21E5}.Debug|Any CPU.Build.0 = Debug|Any CPU
		{574D96B0-5AEB-43AA-B469-A28ABF1D21E5}.Debug|x64.ActiveCfg = Debug|Any CPU
		{574D96B0-5AEB-43AA-B469-A28ABF1D21E5}.Debug|x64.Build.0 = Debug|Any CPU
		{574D96B0-5AEB-43AA-B469-A28ABF1D21E5}.Debug|x86.ActiveCfg = Debug|Any CPU
		{574D96B0-5AEB-43AA-B469-A28ABF1D21E5}.Debug|x86.Build.0 = Debug|Any CPU
		{574D96B0-5AEB-43AA-B469-A28ABF1D21E5}.Release|Any CPU.ActiveCfg = Release|Any CPU
		{574D96B0-5AEB-43AA-B469-A28ABF1D21E5}.Release|Any CPU.Build.0 = Release|Any CPU
		{574D96B0-5AEB-43AA-B469-A28ABF1D21E5}.Release|x64.ActiveCfg = Release|Any CPU
		{574D96B0-5AEB-43AA-B469-A28ABF1D21E5}.Release|x64.Build.0 = Release|Any CPU
		{574D96B0-5AEB-43AA-B469-A28ABF1D21E5}.Release|x86.ActiveCfg = Release|Any CPU
		{574D96B0-5AEB-43AA-B469-A28ABF1D21E5}.Release|x86.Build.0 = Release|Any CPU
		{AF774AAC-8CF0-425E-81E3-C3FEE1C2C3DE}.BackendRelease|Any CPU.ActiveCfg = BackendRelease|Any CPU
		{AF774AAC-8CF0-425E-81E3-C3FEE1C2C3DE}.BackendRelease|Any CPU.Build.0 = BackendRelease|Any CPU
		{AF774AAC-8CF0-425E-81E3-C3FEE1C2C3DE}.BackendRelease|x64.ActiveCfg = BackendRelease|Any CPU
		{AF774AAC-8CF0-425E-81E3-C3FEE1C2C3DE}.BackendRelease|x64.Build.0 = BackendRelease|Any CPU
		{AF774AAC-8CF0-425E-81E3-C3FEE1C2C3DE}.BackendRelease|x86.ActiveCfg = BackendRelease|Any CPU
		{AF774AAC-8CF0-425E-81E3-C3FEE1C2C3DE}.BackendRelease|x86.Build.0 = BackendRelease|Any CPU
		{AF774AAC-8CF0-425E-81E3-C3FEE1C2C3DE}.Debug|Any CPU.ActiveCfg = Debug|Any CPU
		{AF774AAC-8CF0-425E-81E3-C3FEE1C2C3DE}.Debug|Any CPU.Build.0 = Debug|Any CPU
		{AF774AAC-8CF0-425E-81E3-C3FEE1C2C3DE}.Debug|x64.ActiveCfg = Debug|Any CPU
		{AF774AAC-8CF0-425E-81E3-C3FEE1C2C3DE}.Debug|x64.Build.0 = Debug|Any CPU
		{AF774AAC-8CF0-425E-81E3-C3FEE1C2C3DE}.Debug|x86.ActiveCfg = Debug|Any CPU
		{AF774AAC-8CF0-425E-81E3-C3FEE1C2C3DE}.Debug|x86.Build.0 = Debug|Any CPU
		{AF774AAC-8CF0-425E-81E3-C3FEE1C2C3DE}.Release|Any CPU.ActiveCfg = Release|Any CPU
		{AF774AAC-8CF0-425E-81E3-C3FEE1C2C3DE}.Release|Any CPU.Build.0 = Release|Any CPU
		{AF774AAC-8CF0-425E-81E3-C3FEE1C2C3DE}.Release|x64.ActiveCfg = Release|Any CPU
		{AF774AAC-8CF0-425E-81E3-C3FEE1C2C3DE}.Release|x64.Build.0 = Release|Any CPU
		{AF774AAC-8CF0-425E-81E3-C3FEE1C2C3DE}.Release|x86.ActiveCfg = Release|Any CPU
		{AF774AAC-8CF0-425E-81E3-C3FEE1C2C3DE}.Release|x86.Build.0 = Release|Any CPU
		{0165F768-D81E-4025-8F36-7F9B45A14797}.BackendRelease|Any CPU.ActiveCfg = BackendRelease|Any CPU
		{0165F768-D81E-4025-8F36-7F9B45A14797}.BackendRelease|Any CPU.Build.0 = BackendRelease|Any CPU
		{0165F768-D81E-4025-8F36-7F9B45A14797}.BackendRelease|x64.ActiveCfg = BackendRelease|Any CPU
		{0165F768-D81E-4025-8F36-7F9B45A14797}.BackendRelease|x64.Build.0 = BackendRelease|Any CPU
		{0165F768-D81E-4025-8F36-7F9B45A14797}.BackendRelease|x86.ActiveCfg = BackendRelease|Any CPU
		{0165F768-D81E-4025-8F36-7F9B45A14797}.BackendRelease|x86.Build.0 = BackendRelease|Any CPU
		{0165F768-D81E-4025-8F36-7F9B45A14797}.Debug|Any CPU.ActiveCfg = Debug|Any CPU
		{0165F768-D81E-4025-8F36-7F9B45A14797}.Debug|Any CPU.Build.0 = Debug|Any CPU
		{0165F768-D81E-4025-8F36-7F9B45A14797}.Debug|x64.ActiveCfg = Debug|Any CPU
		{0165F768-D81E-4025-8F36-7F9B45A14797}.Debug|x64.Build.0 = Debug|Any CPU
		{0165F768-D81E-4025-8F36-7F9B45A14797}.Debug|x86.ActiveCfg = Debug|Any CPU
		{0165F768-D81E-4025-8F36-7F9B45A14797}.Debug|x86.Build.0 = Debug|Any CPU
		{0165F768-D81E-4025-8F36-7F9B45A14797}.Release|Any CPU.ActiveCfg = Release|Any CPU
		{0165F768-D81E-4025-8F36-7F9B45A14797}.Release|Any CPU.Build.0 = Release|Any CPU
		{0165F768-D81E-4025-8F36-7F9B45A14797}.Release|x64.ActiveCfg = Release|Any CPU
		{0165F768-D81E-4025-8F36-7F9B45A14797}.Release|x64.Build.0 = Release|Any CPU
		{0165F768-D81E-4025-8F36-7F9B45A14797}.Release|x86.ActiveCfg = Release|Any CPU
		{0165F768-D81E-4025-8F36-7F9B45A14797}.Release|x86.Build.0 = Release|Any CPU
		{3998A210-0E4A-4989-B7CD-03167C691D91}.BackendRelease|Any CPU.ActiveCfg = BackendRelease|Any CPU
		{3998A210-0E4A-4989-B7CD-03167C691D91}.BackendRelease|Any CPU.Build.0 = BackendRelease|Any CPU
		{3998A210-0E4A-4989-B7CD-03167C691D91}.BackendRelease|x64.ActiveCfg = BackendRelease|Any CPU
		{3998A210-0E4A-4989-B7CD-03167C691D91}.BackendRelease|x64.Build.0 = BackendRelease|Any CPU
		{3998A210-0E4A-4989-B7CD-03167C691D91}.BackendRelease|x86.ActiveCfg = BackendRelease|Any CPU
		{3998A210-0E4A-4989-B7CD-03167C691D91}.BackendRelease|x86.Build.0 = BackendRelease|Any CPU
		{3998A210-0E4A-4989-B7CD-03167C691D91}.Debug|Any CPU.ActiveCfg = Debug|Any CPU
		{3998A210-0E4A-4989-B7CD-03167C691D91}.Debug|Any CPU.Build.0 = Debug|Any CPU
		{3998A210-0E4A-4989-B7CD-03167C691D91}.Debug|x64.ActiveCfg = Debug|Any CPU
		{3998A210-0E4A-4989-B7CD-03167C691D91}.Debug|x64.Build.0 = Debug|Any CPU
		{3998A210-0E4A-4989-B7CD-03167C691D91}.Debug|x86.ActiveCfg = Debug|Any CPU
		{3998A210-0E4A-4989-B7CD-03167C691D91}.Debug|x86.Build.0 = Debug|Any CPU
		{3998A210-0E4A-4989-B7CD-03167C691D91}.Release|Any CPU.ActiveCfg = Release|Any CPU
		{3998A210-0E4A-4989-B7CD-03167C691D91}.Release|Any CPU.Build.0 = Release|Any CPU
		{3998A210-0E4A-4989-B7CD-03167C691D91}.Release|x64.ActiveCfg = Release|Any CPU
		{3998A210-0E4A-4989-B7CD-03167C691D91}.Release|x64.Build.0 = Release|Any CPU
		{3998A210-0E4A-4989-B7CD-03167C691D91}.Release|x86.ActiveCfg = Release|Any CPU
		{3998A210-0E4A-4989-B7CD-03167C691D91}.Release|x86.Build.0 = Release|Any CPU
		{FE3F343F-BD5F-49AB-A5C3-F55F44DA16A4}.BackendRelease|Any CPU.ActiveCfg = BackendRelease|Any CPU
		{FE3F343F-BD5F-49AB-A5C3-F55F44DA16A4}.BackendRelease|Any CPU.Build.0 = BackendRelease|Any CPU
		{FE3F343F-BD5F-49AB-A5C3-F55F44DA16A4}.BackendRelease|x64.ActiveCfg = BackendRelease|Any CPU
		{FE3F343F-BD5F-49AB-A5C3-F55F44DA16A4}.BackendRelease|x64.Build.0 = BackendRelease|Any CPU
		{FE3F343F-BD5F-49AB-A5C3-F55F44DA16A4}.BackendRelease|x86.ActiveCfg = BackendRelease|Any CPU
		{FE3F343F-BD5F-49AB-A5C3-F55F44DA16A4}.BackendRelease|x86.Build.0 = BackendRelease|Any CPU
		{FE3F343F-BD5F-49AB-A5C3-F55F44DA16A4}.Debug|Any CPU.ActiveCfg = Debug|Any CPU
		{FE3F343F-BD5F-49AB-A5C3-F55F44DA16A4}.Debug|Any CPU.Build.0 = Debug|Any CPU
		{FE3F343F-BD5F-49AB-A5C3-F55F44DA16A4}.Debug|x64.ActiveCfg = Debug|Any CPU
		{FE3F343F-BD5F-49AB-A5C3-F55F44DA16A4}.Debug|x64.Build.0 = Debug|Any CPU
		{FE3F343F-BD5F-49AB-A5C3-F55F44DA16A4}.Debug|x86.ActiveCfg = Debug|Any CPU
		{FE3F343F-BD5F-49AB-A5C3-F55F44DA16A4}.Debug|x86.Build.0 = Debug|Any CPU
		{FE3F343F-BD5F-49AB-A5C3-F55F44DA16A4}.Release|Any CPU.ActiveCfg = Release|Any CPU
		{FE3F343F-BD5F-49AB-A5C3-F55F44DA16A4}.Release|Any CPU.Build.0 = Release|Any CPU
		{FE3F343F-BD5F-49AB-A5C3-F55F44DA16A4}.Release|x64.ActiveCfg = Release|Any CPU
		{FE3F343F-BD5F-49AB-A5C3-F55F44DA16A4}.Release|x64.Build.0 = Release|Any CPU
		{FE3F343F-BD5F-49AB-A5C3-F55F44DA16A4}.Release|x86.ActiveCfg = Release|Any CPU
		{FE3F343F-BD5F-49AB-A5C3-F55F44DA16A4}.Release|x86.Build.0 = Release|Any CPU
		{92EA9F10-FF6B-43E3-9A2C-385B5D4DA8D7}.BackendRelease|Any CPU.ActiveCfg = BackendRelease|Any CPU
		{92EA9F10-FF6B-43E3-9A2C-385B5D4DA8D7}.BackendRelease|Any CPU.Build.0 = BackendRelease|Any CPU
		{92EA9F10-FF6B-43E3-9A2C-385B5D4DA8D7}.BackendRelease|x64.ActiveCfg = BackendRelease|Any CPU
		{92EA9F10-FF6B-43E3-9A2C-385B5D4DA8D7}.BackendRelease|x64.Build.0 = BackendRelease|Any CPU
		{92EA9F10-FF6B-43E3-9A2C-385B5D4DA8D7}.BackendRelease|x86.ActiveCfg = BackendRelease|Any CPU
		{92EA9F10-FF6B-43E3-9A2C-385B5D4DA8D7}.BackendRelease|x86.Build.0 = BackendRelease|Any CPU
		{92EA9F10-FF6B-43E3-9A2C-385B5D4DA8D7}.Debug|Any CPU.ActiveCfg = Debug|Any CPU
		{92EA9F10-FF6B-43E3-9A2C-385B5D4DA8D7}.Debug|Any CPU.Build.0 = Debug|Any CPU
		{92EA9F10-FF6B-43E3-9A2C-385B5D4DA8D7}.Debug|x64.ActiveCfg = Debug|Any CPU
		{92EA9F10-FF6B-43E3-9A2C-385B5D4DA8D7}.Debug|x64.Build.0 = Debug|Any CPU
		{92EA9F10-FF6B-43E3-9A2C-385B5D4DA8D7}.Debug|x86.ActiveCfg = Debug|Any CPU
		{92EA9F10-FF6B-43E3-9A2C-385B5D4DA8D7}.Debug|x86.Build.0 = Debug|Any CPU
		{92EA9F10-FF6B-43E3-9A2C-385B5D4DA8D7}.Release|Any CPU.ActiveCfg = Release|Any CPU
		{92EA9F10-FF6B-43E3-9A2C-385B5D4DA8D7}.Release|Any CPU.Build.0 = Release|Any CPU
		{92EA9F10-FF6B-43E3-9A2C-385B5D4DA8D7}.Release|x64.ActiveCfg = Release|Any CPU
		{92EA9F10-FF6B-43E3-9A2C-385B5D4DA8D7}.Release|x64.Build.0 = Release|Any CPU
		{92EA9F10-FF6B-43E3-9A2C-385B5D4DA8D7}.Release|x86.ActiveCfg = Release|Any CPU
		{92EA9F10-FF6B-43E3-9A2C-385B5D4DA8D7}.Release|x86.Build.0 = Release|Any CPU
		{16260663-B511-442E-8B74-931619A8A107}.BackendRelease|Any CPU.ActiveCfg = BackendRelease|Any CPU
		{16260663-B511-442E-8B74-931619A8A107}.BackendRelease|x64.ActiveCfg = BackendRelease|Any CPU
		{16260663-B511-442E-8B74-931619A8A107}.BackendRelease|x64.Build.0 = BackendRelease|Any CPU
		{16260663-B511-442E-8B74-931619A8A107}.BackendRelease|x64.Deploy.0 = BackendRelease|Any CPU
		{16260663-B511-442E-8B74-931619A8A107}.BackendRelease|x86.ActiveCfg = BackendRelease|Any CPU
		{16260663-B511-442E-8B74-931619A8A107}.BackendRelease|x86.Build.0 = BackendRelease|Any CPU
		{16260663-B511-442E-8B74-931619A8A107}.BackendRelease|x86.Deploy.0 = BackendRelease|Any CPU
		{16260663-B511-442E-8B74-931619A8A107}.Debug|Any CPU.ActiveCfg = Debug|Any CPU
		{16260663-B511-442E-8B74-931619A8A107}.Debug|Any CPU.Build.0 = Debug|Any CPU
		{16260663-B511-442E-8B74-931619A8A107}.Debug|Any CPU.Deploy.0 = Debug|Any CPU
		{16260663-B511-442E-8B74-931619A8A107}.Debug|x64.ActiveCfg = Debug|Any CPU
		{16260663-B511-442E-8B74-931619A8A107}.Debug|x64.Build.0 = Debug|Any CPU
		{16260663-B511-442E-8B74-931619A8A107}.Debug|x64.Deploy.0 = Debug|Any CPU
		{16260663-B511-442E-8B74-931619A8A107}.Debug|x86.ActiveCfg = Debug|Any CPU
		{16260663-B511-442E-8B74-931619A8A107}.Debug|x86.Build.0 = Debug|Any CPU
		{16260663-B511-442E-8B74-931619A8A107}.Debug|x86.Deploy.0 = Debug|Any CPU
		{16260663-B511-442E-8B74-931619A8A107}.Release|Any CPU.ActiveCfg = Release|Any CPU
		{16260663-B511-442E-8B74-931619A8A107}.Release|Any CPU.Build.0 = Release|Any CPU
		{16260663-B511-442E-8B74-931619A8A107}.Release|Any CPU.Deploy.0 = Release|Any CPU
		{16260663-B511-442E-8B74-931619A8A107}.Release|x64.ActiveCfg = Release|Any CPU
		{16260663-B511-442E-8B74-931619A8A107}.Release|x64.Build.0 = Release|Any CPU
		{16260663-B511-442E-8B74-931619A8A107}.Release|x64.Deploy.0 = Release|Any CPU
		{16260663-B511-442E-8B74-931619A8A107}.Release|x86.ActiveCfg = Release|Any CPU
		{16260663-B511-442E-8B74-931619A8A107}.Release|x86.Build.0 = Release|Any CPU
		{16260663-B511-442E-8B74-931619A8A107}.Release|x86.Deploy.0 = Release|Any CPU
		{4CE02A62-D897-447F-AF48-028D59FA1D73}.BackendRelease|Any CPU.ActiveCfg = BackendRelease|Any CPU
		{4CE02A62-D897-447F-AF48-028D59FA1D73}.BackendRelease|x64.ActiveCfg = BackendRelease|Any CPU
		{4CE02A62-D897-447F-AF48-028D59FA1D73}.BackendRelease|x64.Build.0 = BackendRelease|Any CPU
		{4CE02A62-D897-447F-AF48-028D59FA1D73}.BackendRelease|x86.ActiveCfg = BackendRelease|Any CPU
		{4CE02A62-D897-447F-AF48-028D59FA1D73}.BackendRelease|x86.Build.0 = BackendRelease|Any CPU
		{4CE02A62-D897-447F-AF48-028D59FA1D73}.Debug|Any CPU.ActiveCfg = Debug|Any CPU
		{4CE02A62-D897-447F-AF48-028D59FA1D73}.Debug|Any CPU.Build.0 = Debug|Any CPU
		{4CE02A62-D897-447F-AF48-028D59FA1D73}.Debug|x64.ActiveCfg = Debug|Any CPU
		{4CE02A62-D897-447F-AF48-028D59FA1D73}.Debug|x64.Build.0 = Debug|Any CPU
		{4CE02A62-D897-447F-AF48-028D59FA1D73}.Debug|x86.ActiveCfg = Debug|Any CPU
		{4CE02A62-D897-447F-AF48-028D59FA1D73}.Debug|x86.Build.0 = Debug|Any CPU
		{4CE02A62-D897-447F-AF48-028D59FA1D73}.Release|Any CPU.ActiveCfg = Release|Any CPU
		{4CE02A62-D897-447F-AF48-028D59FA1D73}.Release|Any CPU.Build.0 = Release|Any CPU
		{4CE02A62-D897-447F-AF48-028D59FA1D73}.Release|x64.ActiveCfg = Release|Any CPU
		{4CE02A62-D897-447F-AF48-028D59FA1D73}.Release|x64.Build.0 = Release|Any CPU
		{4CE02A62-D897-447F-AF48-028D59FA1D73}.Release|x86.ActiveCfg = Release|Any CPU
		{4CE02A62-D897-447F-AF48-028D59FA1D73}.Release|x86.Build.0 = Release|Any CPU
		{43A47BFF-5289-49F6-85A3-7022699F6296}.BackendRelease|Any CPU.ActiveCfg = BackendRelease|Any CPU
		{43A47BFF-5289-49F6-85A3-7022699F6296}.BackendRelease|Any CPU.Build.0 = BackendRelease|Any CPU
		{43A47BFF-5289-49F6-85A3-7022699F6296}.BackendRelease|x64.ActiveCfg = BackendRelease|Any CPU
		{43A47BFF-5289-49F6-85A3-7022699F6296}.BackendRelease|x64.Build.0 = BackendRelease|Any CPU
		{43A47BFF-5289-49F6-85A3-7022699F6296}.BackendRelease|x86.ActiveCfg = BackendRelease|Any CPU
		{43A47BFF-5289-49F6-85A3-7022699F6296}.BackendRelease|x86.Build.0 = BackendRelease|Any CPU
		{43A47BFF-5289-49F6-85A3-7022699F6296}.Debug|Any CPU.ActiveCfg = Debug|Any CPU
		{43A47BFF-5289-49F6-85A3-7022699F6296}.Debug|Any CPU.Build.0 = Debug|Any CPU
		{43A47BFF-5289-49F6-85A3-7022699F6296}.Debug|x64.ActiveCfg = Debug|Any CPU
		{43A47BFF-5289-49F6-85A3-7022699F6296}.Debug|x64.Build.0 = Debug|Any CPU
		{43A47BFF-5289-49F6-85A3-7022699F6296}.Debug|x86.ActiveCfg = Debug|Any CPU
		{43A47BFF-5289-49F6-85A3-7022699F6296}.Debug|x86.Build.0 = Debug|Any CPU
		{43A47BFF-5289-49F6-85A3-7022699F6296}.Release|Any CPU.ActiveCfg = Release|Any CPU
		{43A47BFF-5289-49F6-85A3-7022699F6296}.Release|Any CPU.Build.0 = Release|Any CPU
		{43A47BFF-5289-49F6-85A3-7022699F6296}.Release|x64.ActiveCfg = Release|Any CPU
		{43A47BFF-5289-49F6-85A3-7022699F6296}.Release|x64.Build.0 = Release|Any CPU
		{43A47BFF-5289-49F6-85A3-7022699F6296}.Release|x86.ActiveCfg = Release|Any CPU
		{43A47BFF-5289-49F6-85A3-7022699F6296}.Release|x86.Build.0 = Release|Any CPU
	EndGlobalSection
	GlobalSection(SolutionProperties) = preSolution
		HideSolutionNode = FALSE
	EndGlobalSection
	GlobalSection(ExtensibilityGlobals) = postSolution
		SolutionGuid = {C31DFA0C-042E-414C-A768-5B22DBC55FB6}
	EndGlobalSection
EndGlobal
